{
  "name": "bioinfo_top5",
  "version": "0.0.1",
  "lockfileVersion": 3,
  "requires": true,
  "packages": {
    "": {
      "name": "bioinfo_top5",
      "version": "0.0.1",
      "dependencies": {
        "@astrojs/sitemap": "^3.7.0",
        "@tailwindcss/typography": "^0.5.19",
        "@tailwindcss/vite": "^4.2.1",
        "astro": "^5.17.1",
        "marked": "^15.0.0",
        "tailwindcss": "^4.2.1"
      }
    },
    "node_modules/@astrojs/sitemap": {
      "version": "3.2.1",
      "resolved": "https://registry.npmjs.org/@astrojs/sitemap/-/sitemap-3.2.1.tgz",
      "integrity": "sha512-nW4f8r1iZUZLo5efopT6M7XkfpZYWcnKBytmKYqJ8wXKHTI4mT1Jly6ZSS4Yqpxx7hJ3bYmvP6xMjeH8oQ=="
    },
    "node_modules/@tailwindcss/typography": {
      "version": "0.5.16",
      "resolved": "https://registry.npmjs.org/@tailwindcss/typography/-/typography-0.5.16.tgz",
      "integrity": "sha512-0R9it3z7mJxy+1WNsL387VIQyFJZ9I2kR3TrJZmJWAmP9AvBDngP0JQs3HHkyDe+Rcy8+QKlw=="
    },
    "node_modules/@tailwindcss/vite": {
      "version": "4.2.1",
      "resolved": "https://registry.npmjs.org/@tailwindcss/vite/-/vite-4.2.1.tgz",
      "integrity": "sha512-rPkKVsLJJ7uLFY6gMs3d4r5k4R/s2C5XH0qXqMCEyPQ6KDG6Xq7Qt8Bn7VJuP0U7EGvnDjbJq91Qf8xTg=="
    },
    "node_modules/astro": {
      "version": "5.17.1",
      "resolved": "https://registry.npmjs.org/astro/-/astro-5.17.1.tgz",
      "integrity": "sha512-hC0OqG8sTIODTUs5sJS9B6V4Sq9gXqrJZ2S4RNmKTCJ+JsxJIYEnHXhbxGYBh8jqdF2O8jGzG2w=="
    },
    "node_modules/marked": {
      "version": "15.0.6",
      "resolved": "https://registry.npmjs.org/marked/-/marked-15.0.6.tgz",
      "integrity": "sha512-Y6F1nEIfB8V9BIJYcZxy2YjC/Z5r1F1C"
    },
    "node_modules/tailwindcss": {
      "version": "4.2.1",
      "resolved": "https://registry.npmjs.org/tailwindcss/-/tailwindcss-4.2.1.tgz",
      "integrity": "sha512-i3qG5c6leME2JV5N5whXmNiLyP0EX5W61CNXzz5lQkJOqR6pqDtAt2QmR4GQuG6A1D6GJH+DjA3Eq=="
    }
  }
}
